
Microsoft Visual Studio Solution File, Format Version 12.00
# Visual Studio Version 16
VisualStudioVersion = 16.0.30011.19
MinimumVisualStudioVersion = 10.0.40219.1
Project("{9A19103F-16F7-4668-BE54-9A1E7A4F7556}") = "GroupManagement.Web", "GroupManagement.Web\GroupManagement.Web.csproj", "{4C9DE84A-C25B-4FED-BB32-0F046AA2FA5B}"
EndProject
Project("{2150E333-8FDC-42A3-9474-1A3956D46DE8}") = "Vue App", "Vue App", "{56CEAF68-775F-4BD5-B205-B32472FB411B}"
EndProject
Project("{2150E333-8FDC-42A3-9474-1A3956D46DE8}") = "API", "API", "{3666560C-C66B-4507-88AA-5BEE9094BA88}"
EndProject
Project("{2150E333-8FDC-42A3-9474-1A3956D46DE8}") = "Domain", "Domain", "{407AAEA4-9AAF-4D7B-8F76-AEFF5DB179E4}"
EndProject
Project("{9A19103F-16F7-4668-BE54-9A1E7A4F7556}") = "GroupManagement.API", "GroupManagement.API\GroupManagement.API.csproj", "{939FD3AE-1411-4E37-8F13-9E1EBDB031FE}"
EndProject
Project("{2150E333-8FDC-42A3-9474-1A3956D46DE8}") = "Data", "Data", "{F20F3FB6-7BCB-40C2-A822-2243AF42667E}"
EndProject
Project("{9A19103F-16F7-4668-BE54-9A1E7A4F7556}") = "GroupManagement.Data", "GroupManagement.Data\GroupManagement.Data.csproj", "{67D4072A-DAF0-4553-9B20-F1E43849242F}"
EndProject
Project("{9A19103F-16F7-4668-BE54-9A1E7A4F7556}") = "GroupManagement.DTOs", "GroupManagement.DTOs\GroupManagement.DTOs.csproj", "{A2255234-80BE-4EAA-A0EF-3969D1883F91}"
EndProject
Project("{9A19103F-16F7-4668-BE54-9A1E7A4F7556}") = "GroupManagement.Repositories", "GroupManagement.Repositories\GroupManagement.Repositories.csproj", "{850C83C5-32F8-4472-8534-35B13554D39E}"
EndProject
Project("{9A19103F-16F7-4668-BE54-9A1E7A4F7556}") = "GroupManagement.Services", "GroupManagement.Services\GroupManagement.Services.csproj", "{3D07B756-725E-442E-9A22-17177A45BD59}"
EndProject
Project("{9A19103F-16F7-4668-BE54-9A1E7A4F7556}") = "GroupManagement.Models", "GroupManagement.Models\GroupManagement.Models.csproj", "{481B87A5-E07C-4F88-840C-847051A721E1}"
EndProject
Project("{9A19103F-16F7-4668-BE54-9A1E7A4F7556}") = "GroupManagement.Contracts", "GroupManagement.Contracts\GroupManagement.Contracts.csproj", "{1459E067-E3C7-4B97-9AD5-30B2C71394FF}"
EndProject
Project("{2150E333-8FDC-42A3-9474-1A3956D46DE8}") = "Common", "Common", "{59F796BD-8F9F-415C-BC7A-FD72959D171E}"
EndProject
Project("{9A19103F-16F7-4668-BE54-9A1E7A4F7556}") = "GroupManagement.Common", "GroupManagement.Common\GroupManagement.Common.csproj", "{99E71552-E594-4183-9C58-C4E742DDEB40}"
EndProject
Project("{2150E333-8FDC-42A3-9474-1A3956D46DE8}") = "Blazor App", "Blazor App", "{EDF5F963-AF64-4569-B9CC-9FA017299BA7}"
EndProject
Project("{9A19103F-16F7-4668-BE54-9A1E7A4F7556}") = "GroupManagement.BlazorUI", "GroupManagement.BlazorUI\GroupManagement.BlazorUI.csproj", "{E045D074-C35A-4DBF-85A8-4841E9DC0DAD}"
EndProject
Global
	GlobalSection(SolutionConfigurationPlatforms) = preSolution
		Debug|Any CPU = Debug|Any CPU
		Release|Any CPU = Release|Any CPU
	EndGlobalSection
	GlobalSection(ProjectConfigurationPlatforms) = postSolution
		{4C9DE84A-C25B-4FED-BB32-0F046AA2FA5B}.Debug|Any CPU.ActiveCfg = Debug|Any CPU
		{4C9DE84A-C25B-4FED-BB32-0F046AA2FA5B}.Debug|Any CPU.Build.0 = Debug|Any CPU
		{4C9DE84A-C25B-4FED-BB32-0F046AA2FA5B}.Release|Any CPU.ActiveCfg = Release|Any CPU
		{4C9DE84A-C25B-4FED-BB32-0F046AA2FA5B}.Release|Any CPU.Build.0 = Release|Any CPU
		{939FD3AE-1411-4E37-8F13-9E1EBDB031FE}.Debug|Any CPU.ActiveCfg = Debug|Any CPU
		{939FD3AE-1411-4E37-8F13-9E1EBDB031FE}.Debug|Any CPU.Build.0 = Debug|Any CPU
		{939FD3AE-1411-4E37-8F13-9E1EBDB031FE}.Release|Any CPU.ActiveCfg = Release|Any CPU
		{939FD3AE-1411-4E37-8F13-9E1EBDB031FE}.Release|Any CPU.Build.0 = Release|Any CPU
		{67D4072A-DAF0-4553-9B20-F1E43849242F}.Debug|Any CPU.ActiveCfg = Debug|Any CPU
		{67D4072A-DAF0-4553-9B20-F1E43849242F}.Debug|Any CPU.Build.0 = Debug|Any CPU
		{67D4072A-DAF0-4553-9B20-F1E43849242F}.Release|Any CPU.ActiveCfg = Release|Any CPU
		{67D4072A-DAF0-4553-9B20-F1E43849242F}.Release|Any CPU.Build.0 = Release|Any CPU
		{A2255234-80BE-4EAA-A0EF-3969D1883F91}.Debug|Any CPU.ActiveCfg = Debug|Any CPU
		{A2255234-80BE-4EAA-A0EF-3969D1883F91}.Debug|Any CPU.Build.0 = Debug|Any CPU
		{A2255234-80BE-4EAA-A0EF-3969D1883F91}.Release|Any CPU.ActiveCfg = Release|Any CPU
		{A2255234-80BE-4EAA-A0EF-3969D1883F91}.Release|Any CPU.Build.0 = Release|Any CPU
		{850C83C5-32F8-4472-8534-35B13554D39E}.Debug|Any CPU.ActiveCfg = Debug|Any CPU
		{850C83C5-32F8-4472-8534-35B13554D39E}.Debug|Any CPU.Build.0 = Debug|Any CPU
		{850C83C5-32F8-4472-8534-35B13554D39E}.Release|Any CPU.ActiveCfg = Release|Any CPU
		{850C83C5-32F8-4472-8534-35B13554D39E}.Release|Any CPU.Build.0 = Release|Any CPU
		{3D07B756-725E-442E-9A22-17177A45BD59}.Debug|Any CPU.ActiveCfg = Debug|Any CPU
		{3D07B756-725E-442E-9A22-17177A45BD59}.Debug|Any CPU.Build.0 = Debug|Any CPU
		{3D07B756-725E-442E-9A22-17177A45BD59}.Release|Any CPU.ActiveCfg = Release|Any CPU
		{3D07B756-725E-442E-9A22-17177A45BD59}.Release|Any CPU.Build.0 = Release|Any CPU
		{481B87A5-E07C-4F88-840C-847051A721E1}.Debug|Any CPU.ActiveCfg = Debug|Any CPU
		{481B87A5-E07C-4F88-840C-847051A721E1}.Debug|Any CPU.Build.0 = Debug|Any CPU
		{481B87A5-E07C-4F88-840C-847051A721E1}.Release|Any CPU.ActiveCfg = Release|Any CPU
		{481B87A5-E07C-4F88-840C-847051A721E1}.Release|Any CPU.Build.0 = Release|Any CPU
		{1459E067-E3C7-4B97-9AD5-30B2C71394FF}.Debug|Any CPU.ActiveCfg = Debug|Any CPU
		{1459E067-E3C7-4B97-9AD5-30B2C71394FF}.Debug|Any CPU.Build.0 = Debug|Any CPU
		{1459E067-E3C7-4B97-9AD5-30B2C71394FF}.Release|Any CPU.ActiveCfg = Release|Any CPU
		{1459E067-E3C7-4B97-9AD5-30B2C71394FF}.Release|Any CPU.Build.0 = Release|Any CPU
		{99E71552-E594-4183-9C58-C4E742DDEB40}.Debug|Any CPU.ActiveCfg = Debug|Any CPU
		{99E71552-E594-4183-9C58-C4E742DDEB40}.Debug|Any CPU.Build.0 = Debug|Any CPU
		{99E71552-E594-4183-9C58-C4E742DDEB40}.Release|Any CPU.ActiveCfg = Release|Any CPU
		{99E71552-E594-4183-9C58-C4E742DDEB40}.Release|Any CPU.Build.0 = Release|Any CPU
		{E045D074-C35A-4DBF-85A8-4841E9DC0DAD}.Debug|Any CPU.ActiveCfg = Debug|Any CPU
		{E045D074-C35A-4DBF-85A8-4841E9DC0DAD}.Debug|Any CPU.Build.0 = Debug|Any CPU
		{E045D074-C35A-4DBF-85A8-4841E9DC0DAD}.Release|Any CPU.ActiveCfg = Release|Any CPU
		{E045D074-C35A-4DBF-85A8-4841E9DC0DAD}.Release|Any CPU.Build.0 = Release|Any CPU
	EndGlobalSection
	GlobalSection(SolutionProperties) = preSolution
		HideSolutionNode = FALSE
	EndGlobalSection
	GlobalSection(NestedProjects) = preSolution
		{4C9DE84A-C25B-4FED-BB32-0F046AA2FA5B} = {56CEAF68-775F-4BD5-B205-B32472FB411B}
		{939FD3AE-1411-4E37-8F13-9E1EBDB031FE} = {3666560C-C66B-4507-88AA-5BEE9094BA88}
		{67D4072A-DAF0-4553-9B20-F1E43849242F} = {F20F3FB6-7BCB-40C2-A822-2243AF42667E}
		{A2255234-80BE-4EAA-A0EF-3969D1883F91} = {407AAEA4-9AAF-4D7B-8F76-AEFF5DB179E4}
		{850C83C5-32F8-4472-8534-35B13554D39E} = {F20F3FB6-7BCB-40C2-A822-2243AF42667E}
		{3D07B756-725E-442E-9A22-17177A45BD59} = {407AAEA4-9AAF-4D7B-8F76-AEFF5DB179E4}
		{481B87A5-E07C-4F88-840C-847051A721E1} = {F20F3FB6-7BCB-40C2-A822-2243AF42667E}
		{1459E067-E3C7-4B97-9AD5-30B2C71394FF} = {407AAEA4-9AAF-4D7B-8F76-AEFF5DB179E4}
		{99E71552-E594-4183-9C58-C4E742DDEB40} = {59F796BD-8F9F-415C-BC7A-FD72959D171E}
		{E045D074-C35A-4DBF-85A8-4841E9DC0DAD} = {EDF5F963-AF64-4569-B9CC-9FA017299BA7}
	EndGlobalSection
	GlobalSection(ExtensibilityGlobals) = postSolution
		SolutionGuid = {9C387FB5-A0C3-4654-B67D-5B08544D868A}
	EndGlobalSection
EndGlobal
